// !$*UTF8*$!
{
	archiveVersion = 1;
	classes = {
	};
	objectVersion = 56;
	objects = {

/* Begin PBXBuildFile section */
		6B15C5812B5FBB720057D003 /* MountainAirportApp.swift in Sources */ = {isa = PBXBuildFile; fileRef = 6B15C5802B5FBB720057D003 /* MountainAirportApp.swift */; };
		6B15C5832B5FBB720057D003 /* ContentView.swift in Sources */ = {isa = PBXBuildFile; fileRef = 6B15C5822B5FBB720057D003 /* ContentView.swift */; };
		6B15C5852B5FBB740057D003 /* Assets.xcassets in Resources */ = {isa = PBXBuildFile; fileRef = 6B15C5842B5FBB740057D003 /* Assets.xcassets */; };
		6B15C5882B5FBB740057D003 /* Preview Assets.xcassets in Resources */ = {isa = PBXBuildFile; fileRef = 6B15C5872B5FBB740057D003 /* Preview Assets.xcassets */; };
		6B15C5902B5FBC470057D003 /* AwardInformation.swift in Sources */ = {isa = PBXBuildFile; fileRef = 6B15C58F2B5FBC470057D003 /* AwardInformation.swift */; };
		6B15C5922B5FBC8D0057D003 /* FlightData.swift in Sources */ = {isa = PBXBuildFile; fileRef = 6B15C5912B5FBC8D0057D003 /* FlightData.swift */; };
		6B15C5942B5FBCA50057D003 /* FlightInformation.swift in Sources */ = {isa = PBXBuildFile; fileRef = 6B15C5932B5FBCA40057D003 /* FlightInformation.swift */; };
		6B15C5962B5FBCC50057D003 /* FlightHistory.swift in Sources */ = {isa = PBXBuildFile; fileRef = 6B15C5952B5FBCC50057D003 /* FlightHistory.swift */; };
		6B15C5982B5FBD6F0057D003 /* PurchasedFlights.swift in Sources */ = {isa = PBXBuildFile; fileRef = 6B15C5972B5FBD6F0057D003 /* PurchasedFlights.swift */; };
		6B15C59A2B5FBD750057D003 /* SavedFlights.swift in Sources */ = {isa = PBXBuildFile; fileRef = 6B15C5992B5FBD750057D003 /* SavedFlights.swift */; };
		6B15C59C2B5FBE160057D003 /* WelcomeView.swift in Sources */ = {isa = PBXBuildFile; fileRef = 6B15C59B2B5FBE160057D003 /* WelcomeView.swift */; };
		6B15C5A02B5FC3280057D003 /* FlightDetails.swift in Sources */ = {isa = PBXBuildFile; fileRef = 6B15C59E2B5FC3280057D003 /* FlightDetails.swift */; };
		6B15C5A12B5FC3280057D003 /* FlightDirectionGraphic.swift in Sources */ = {isa = PBXBuildFile; fileRef = 6B15C59F2B5FC3280057D003 /* FlightDirectionGraphic.swift */; };
		6B15C5A32B5FC38D0057D003 /* FlightStatusBoard.swift in Sources */ = {isa = PBXBuildFile; fileRef = 6B15C5A22B5FC38D0057D003 /* FlightStatusBoard.swift */; };
		6B2CBDB22B5FC55800FD38C7 /* WelcomeButtonView.swift in Sources */ = {isa = PBXBuildFile; fileRef = 6B2CBDB12B5FC55800FD38C7 /* WelcomeButtonView.swift */; };
		6B2CBDB42B5FCAC100FD38C7 /* FlightNavigationInfo.swift in Sources */ = {isa = PBXBuildFile; fileRef = 6B2CBDB32B5FCAC100FD38C7 /* FlightNavigationInfo.swift */; };
		6B2CBDB92B5FF13500FD38C7 /* FlightStatusIcon.swift in Sources */ = {isa = PBXBuildFile; fileRef = 6B2CBDB62B5FF13500FD38C7 /* FlightStatusIcon.swift */; };
		6B2CBDBA2B5FF13500FD38C7 /* FlightRow.swift in Sources */ = {isa = PBXBuildFile; fileRef = 6B2CBDB72B5FF13500FD38C7 /* FlightRow.swift */; };
		6B2CBDBB2B5FF13500FD38C7 /* FlightList.swift in Sources */ = {isa = PBXBuildFile; fileRef = 6B2CBDB82B5FF13500FD38C7 /* FlightList.swift */; };
		6B2CBDBF2B5FF4E800FD38C7 /* SearchFlights.swift in Sources */ = {isa = PBXBuildFile; fileRef = 6B2CBDBD2B5FF4E800FD38C7 /* SearchFlights.swift */; };
		6B2CBDC02B5FF4E800FD38C7 /* SearchResultRow.swift in Sources */ = {isa = PBXBuildFile; fileRef = 6B2CBDBE2B5FF4E800FD38C7 /* SearchResultRow.swift */; };
		6B2CBDC42B5FF77000FD38C7 /* DateFormatters.swift in Sources */ = {isa = PBXBuildFile; fileRef = 6B2CBDC22B5FF77000FD38C7 /* DateFormatters.swift */; };
		6B2CBDC52B5FF77000FD38C7 /* DateExtensions.swift in Sources */ = {isa = PBXBuildFile; fileRef = 6B2CBDC32B5FF77000FD38C7 /* DateExtensions.swift */; };
		6B2CBDC72B601E2600FD38C7 /* HighlightActionView.swift in Sources */ = {isa = PBXBuildFile; fileRef = 6B2CBDC62B601E2600FD38C7 /* HighlightActionView.swift */; };
		6B67820A2B61251600974B02 /* AwardsView.swift in Sources */ = {isa = PBXBuildFile; fileRef = 6B6782072B61251600974B02 /* AwardsView.swift */; };
		6B67820B2B61251600974B02 /* AwardCardView.swift in Sources */ = {isa = PBXBuildFile; fileRef = 6B6782082B61251600974B02 /* AwardCardView.swift */; };
		6B67820C2B61251600974B02 /* AwardDetails.swift in Sources */ = {isa = PBXBuildFile; fileRef = 6B6782092B61251600974B02 /* AwardDetails.swift */; };
		6B67820E2B61259F00974B02 /* AppEnvironment.swift in Sources */ = {isa = PBXBuildFile; fileRef = 6B67820D2B61259F00974B02 /* AppEnvironment.swift */; };
/* End PBXBuildFile section */

/* Begin PBXFileReference section */
		6B15C57D2B5FBB720057D003 /* MountainAirport.app */ = {isa = PBXFileReference; explicitFileType = wrapper.application; includeInIndex = 0; path = MountainAirport.app; sourceTree = BUILT_PRODUCTS_DIR; };
		6B15C5802B5FBB720057D003 /* MountainAirportApp.swift */ = {isa = PBXFileReference; lastKnownFileType = sourcecode.swift; path = MountainAirportApp.swift; sourceTree = "<group>"; };
		6B15C5822B5FBB720057D003 /* ContentView.swift */ = {isa = PBXFileReference; lastKnownFileType = sourcecode.swift; path = ContentView.swift; sourceTree = "<group>"; };
		6B15C5842B5FBB740057D003 /* Assets.xcassets */ = {isa = PBXFileReference; lastKnownFileType = folder.assetcatalog; path = Assets.xcassets; sourceTree = "<group>"; };
		6B15C5872B5FBB740057D003 /* Preview Assets.xcassets */ = {isa = PBXFileReference; lastKnownFileType = folder.assetcatalog; path = "Preview Assets.xcassets"; sourceTree = "<group>"; };
		6B15C58F2B5FBC470057D003 /* AwardInformation.swift */ = {isa = PBXFileReference; fileEncoding = 4; lastKnownFileType = sourcecode.swift; path = AwardInformation.swift; sourceTree = "<group>"; };
		6B15C5912B5FBC8D0057D003 /* FlightData.swift */ = {isa = PBXFileReference; fileEncoding = 4; lastKnownFileType = sourcecode.swift; path = FlightData.swift; sourceTree = "<group>"; };
		6B15C5932B5FBCA40057D003 /* FlightInformation.swift */ = {isa = PBXFileReference; fileEncoding = 4; lastKnownFileType = sourcecode.swift; path = FlightInformation.swift; sourceTree = "<group>"; };
		6B15C5952B5FBCC50057D003 /* FlightHistory.swift */ = {isa = PBXFileReference; fileEncoding = 4; lastKnownFileType = sourcecode.swift; path = FlightHistory.swift; sourceTree = "<group>"; };
		6B15C5972B5FBD6F0057D003 /* PurchasedFlights.swift */ = {isa = PBXFileReference; fileEncoding = 4; lastKnownFileType = sourcecode.swift; path = PurchasedFlights.swift; sourceTree = "<group>"; };
		6B15C5992B5FBD750057D003 /* SavedFlights.swift */ = {isa = PBXFileReference; fileEncoding = 4; lastKnownFileType = sourcecode.swift; path = SavedFlights.swift; sourceTree = "<group>"; };
		6B15C59B2B5FBE160057D003 /* WelcomeView.swift */ = {isa = PBXFileReference; fileEncoding = 4; lastKnownFileType = sourcecode.swift; path = WelcomeView.swift; sourceTree = "<group>"; };
		6B15C59E2B5FC3280057D003 /* FlightDetails.swift */ = {isa = PBXFileReference; fileEncoding = 4; lastKnownFileType = sourcecode.swift; path = FlightDetails.swift; sourceTree = "<group>"; };
		6B15C59F2B5FC3280057D003 /* FlightDirectionGraphic.swift */ = {isa = PBXFileReference; fileEncoding = 4; lastKnownFileType = sourcecode.swift; path = FlightDirectionGraphic.swift; sourceTree = "<group>"; };
		6B15C5A22B5FC38D0057D003 /* FlightStatusBoard.swift */ = {isa = PBXFileReference; fileEncoding = 4; lastKnownFileType = sourcecode.swift; path = FlightStatusBoard.swift; sourceTree = "<group>"; };
		6B2CBDB12B5FC55800FD38C7 /* WelcomeButtonView.swift */ = {isa = PBXFileReference; lastKnownFileType = sourcecode.swift; path = WelcomeButtonView.swift; sourceTree = "<group>"; };
		6B2CBDB32B5FCAC100FD38C7 /* FlightNavigationInfo.swift */ = {isa = PBXFileReference; lastKnownFileType = sourcecode.swift; path = FlightNavigationInfo.swift; sourceTree = "<group>"; };
		6B2CBDB62B5FF13500FD38C7 /* FlightStatusIcon.swift */ = {isa = PBXFileReference; fileEncoding = 4; lastKnownFileType = sourcecode.swift; path = FlightStatusIcon.swift; sourceTree = "<group>"; };
		6B2CBDB72B5FF13500FD38C7 /* FlightRow.swift */ = {isa = PBXFileReference; fileEncoding = 4; lastKnownFileType = sourcecode.swift; path = FlightRow.swift; sourceTree = "<group>"; };
		6B2CBDB82B5FF13500FD38C7 /* FlightList.swift */ = {isa = PBXFileReference; fileEncoding = 4; lastKnownFileType = sourcecode.swift; path = FlightList.swift; sourceTree = "<group>"; };
		6B2CBDBD2B5FF4E800FD38C7 /* SearchFlights.swift */ = {isa = PBXFileReference; fileEncoding = 4; lastKnownFileType = sourcecode.swift; path = SearchFlights.swift; sourceTree = "<group>"; };
		6B2CBDBE2B5FF4E800FD38C7 /* SearchResultRow.swift */ = {isa = PBXFileReference; fileEncoding = 4; lastKnownFileType = sourcecode.swift; path = SearchResultRow.swift; sourceTree = "<group>"; };
		6B2CBDC22B5FF77000FD38C7 /* DateFormatters.swift */ = {isa = PBXFileReference; fileEncoding = 4; lastKnownFileType = sourcecode.swift; path = DateFormatters.swift; sourceTree = "<group>"; };
		6B2CBDC32B5FF77000FD38C7 /* DateExtensions.swift */ = {isa = PBXFileReference; fileEncoding = 4; lastKnownFileType = sourcecode.swift; path = DateExtensions.swift; sourceTree = "<group>"; };
		6B2CBDC62B601E2600FD38C7 /* HighlightActionView.swift */ = {isa = PBXFileReference; lastKnownFileType = sourcecode.swift; path = HighlightActionView.swift; sourceTree = "<group>"; };
		6B6782072B61251600974B02 /* AwardsView.swift */ = {isa = PBXFileReference; fileEncoding = 4; lastKnownFileType = sourcecode.swift; path = AwardsView.swift; sourceTree = "<group>"; };
		6B6782082B61251600974B02 /* AwardCardView.swift */ = {isa = PBXFileReference; fileEncoding = 4; lastKnownFileType = sourcecode.swift; path = AwardCardView.swift; sourceTree = "<group>"; };
		6B6782092B61251600974B02 /* AwardDetails.swift */ = {isa = PBXFileReference; fileEncoding = 4; lastKnownFileType = sourcecode.swift; path = AwardDetails.swift; sourceTree = "<group>"; };
		6B67820D2B61259F00974B02 /* AppEnvironment.swift */ = {isa = PBXFileReference; fileEncoding = 4; lastKnownFileType = sourcecode.swift; path = AppEnvironment.swift; sourceTree = "<group>"; };
/* End PBXFileReference section */

/* Begin PBXFrameworksBuildPhase section */
		6B15C57A2B5FBB720057D003 /* Frameworks */ = {
			isa = PBXFrameworksBuildPhase;
			buildActionMask = 2147483647;
			files = (
			);
			runOnlyForDeploymentPostprocessing = 0;
		};
/* End PBXFrameworksBuildPhase section */

/* Begin PBXGroup section */
		6B15C5742B5FBB720057D003 = {
			isa = PBXGroup;
			children = (
				6B15C57F2B5FBB720057D003 /* MountainAirport */,
				6B15C57E2B5FBB720057D003 /* Products */,
			);
			sourceTree = "<group>";
		};
		6B15C57E2B5FBB720057D003 /* Products */ = {
			isa = PBXGroup;
			children = (
				6B15C57D2B5FBB720057D003 /* MountainAirport.app */,
			);
			name = Products;
			sourceTree = "<group>";
		};
		6B15C57F2B5FBB720057D003 /* MountainAirport */ = {
			isa = PBXGroup;
			children = (
				6B15C5802B5FBB720057D003 /* MountainAirportApp.swift */,
				6B15C5822B5FBB720057D003 /* ContentView.swift */,
				6B15C59B2B5FBE160057D003 /* WelcomeView.swift */,
				6B2CBDB12B5FC55800FD38C7 /* WelcomeButtonView.swift */,
				6B6782062B61251600974B02 /* AwardsView */,
				6B2CBDC12B5FF77000FD38C7 /* Misc */,
				6B2CBDBC2B5FF4E800FD38C7 /* SearchFlights */,
				6B2CBDB52B5FF12600FD38C7 /* FlightStatusBoard */,
				6B15C59D2B5FC3280057D003 /* FlightDetails */,
				6B15C58E2B5FBC2B0057D003 /* Models */,
				6B15C5842B5FBB740057D003 /* Assets.xcassets */,
				6B15C5862B5FBB740057D003 /* Preview Content */,
			);
			path = MountainAirport;
			sourceTree = "<group>";
		};
		6B15C5862B5FBB740057D003 /* Preview Content */ = {
			isa = PBXGroup;
			children = (
				6B15C5872B5FBB740057D003 /* Preview Assets.xcassets */,
			);
			path = "Preview Content";
			sourceTree = "<group>";
		};
		6B15C58E2B5FBC2B0057D003 /* Models */ = {
			isa = PBXGroup;
			children = (
				6B67820D2B61259F00974B02 /* AppEnvironment.swift */,
				6B15C58F2B5FBC470057D003 /* AwardInformation.swift */,
				6B15C5912B5FBC8D0057D003 /* FlightData.swift */,
				6B15C5932B5FBCA40057D003 /* FlightInformation.swift */,
				6B15C5952B5FBCC50057D003 /* FlightHistory.swift */,
				6B15C5972B5FBD6F0057D003 /* PurchasedFlights.swift */,
				6B15C5992B5FBD750057D003 /* SavedFlights.swift */,
				6B2CBDB32B5FCAC100FD38C7 /* FlightNavigationInfo.swift */,
			);
			path = Models;
			sourceTree = "<group>";
		};
		6B15C59D2B5FC3280057D003 /* FlightDetails */ = {
			isa = PBXGroup;
			children = (
				6B15C59E2B5FC3280057D003 /* FlightDetails.swift */,
				6B15C59F2B5FC3280057D003 /* FlightDirectionGraphic.swift */,
			);
			path = FlightDetails;
			sourceTree = "<group>";
		};
		6B2CBDB52B5FF12600FD38C7 /* FlightStatusBoard */ = {
			isa = PBXGroup;
			children = (
				6B15C5A22B5FC38D0057D003 /* FlightStatusBoard.swift */,
				6B2CBDB82B5FF13500FD38C7 /* FlightList.swift */,
				6B2CBDB72B5FF13500FD38C7 /* FlightRow.swift */,
				6B2CBDB62B5FF13500FD38C7 /* FlightStatusIcon.swift */,
				6B2CBDC62B601E2600FD38C7 /* HighlightActionView.swift */,
			);
			path = FlightStatusBoard;
			sourceTree = "<group>";
		};
		6B2CBDBC2B5FF4E800FD38C7 /* SearchFlights */ = {
			isa = PBXGroup;
			children = (
				6B2CBDBD2B5FF4E800FD38C7 /* SearchFlights.swift */,
				6B2CBDBE2B5FF4E800FD38C7 /* SearchResultRow.swift */,
			);
			path = SearchFlights;
			sourceTree = "<group>";
		};
		6B2CBDC12B5FF77000FD38C7 /* Misc */ = {
			isa = PBXGroup;
			children = (
				6B2CBDC22B5FF77000FD38C7 /* DateFormatters.swift */,
				6B2CBDC32B5FF77000FD38C7 /* DateExtensions.swift */,
			);
			path = Misc;
			sourceTree = "<group>";
		};
		6B6782062B61251600974B02 /* AwardsView */ = {
			isa = PBXGroup;
			children = (
				6B6782072B61251600974B02 /* AwardsView.swift */,
				6B6782082B61251600974B02 /* AwardCardView.swift */,
				6B6782092B61251600974B02 /* AwardDetails.swift */,
			);
			path = AwardsView;
			sourceTree = "<group>";
		};
/* End PBXGroup section */

/* Begin PBXNativeTarget section */
		6B15C57C2B5FBB720057D003 /* MountainAirport */ = {
			isa = PBXNativeTarget;
			buildConfigurationList = 6B15C58B2B5FBB740057D003 /* Build configuration list for PBXNativeTarget "MountainAirport" */;
			buildPhases = (
				6B15C5792B5FBB720057D003 /* Sources */,
				6B15C57A2B5FBB720057D003 /* Frameworks */,
				6B15C57B2B5FBB720057D003 /* Resources */,
			);
			buildRules = (
			);
			dependencies = (
			);
			name = MountainAirport;
			productName = MountainAirport;
			productReference = 6B15C57D2B5FBB720057D003 /* MountainAirport.app */;
			productType = "com.apple.product-type.application";
		};
/* End PBXNativeTarget section */

/* Begin PBXProject section */
		6B15C5752B5FBB720057D003 /* Project object */ = {
			isa = PBXProject;
			attributes = {
				BuildIndependentTargetsInParallel = 1;
				LastSwiftUpdateCheck = 1520;
				LastUpgradeCheck = 1520;
				TargetAttributes = {
					6B15C57C2B5FBB720057D003 = {
						CreatedOnToolsVersion = 15.2;
					};
				};
			};
			buildConfigurationList = 6B15C5782B5FBB720057D003 /* Build configuration list for PBXProject "MountainAirport" */;
			compatibilityVersion = "Xcode 14.0";
			developmentRegion = en;
			hasScannedForEncodings = 0;
			knownRegions = (
				en,
				Base,
			);
			mainGroup = 6B15C5742B5FBB720057D003;
			productRefGroup = 6B15C57E2B5FBB720057D003 /* Products */;
			projectDirPath = "";
			projectRoot = "";
			targets = (
				6B15C57C2B5FBB720057D003 /* MountainAirport */,
			);
		};
/* End PBXProject section */

/* Begin PBXResourcesBuildPhase section */
		6B15C57B2B5FBB720057D003 /* Resources */ = {
			isa = PBXResourcesBuildPhase;
			buildActionMask = 2147483647;
			files = (
				6B15C5882B5FBB740057D003 /* Preview Assets.xcassets in Resources */,
				6B15C5852B5FBB740057D003 /* Assets.xcassets in Resources */,
			);
			runOnlyForDeploymentPostprocessing = 0;
		};
/* End PBXResourcesBuildPhase section */

/* Begin PBXSourcesBuildPhase section */
		6B15C5792B5FBB720057D003 /* Sources */ = {
			isa = PBXSourcesBuildPhase;
			buildActionMask = 2147483647;
			files = (
				6B2CBDBA2B5FF13500FD38C7 /* FlightRow.swift in Sources */,
				6B2CBDBF2B5FF4E800FD38C7 /* SearchFlights.swift in Sources */,
				6B2CBDC72B601E2600FD38C7 /* HighlightActionView.swift in Sources */,
				6B15C5A02B5FC3280057D003 /* FlightDetails.swift in Sources */,
				6B15C5832B5FBB720057D003 /* ContentView.swift in Sources */,
				6B15C59A2B5FBD750057D003 /* SavedFlights.swift in Sources */,
				6B15C5902B5FBC470057D003 /* AwardInformation.swift in Sources */,
				6B67820A2B61251600974B02 /* AwardsView.swift in Sources */,
				6B2CBDB92B5FF13500FD38C7 /* FlightStatusIcon.swift in Sources */,
				6B15C5A12B5FC3280057D003 /* FlightDirectionGraphic.swift in Sources */,
				6B67820B2B61251600974B02 /* AwardCardView.swift in Sources */,
				6B15C5942B5FBCA50057D003 /* FlightInformation.swift in Sources */,
				6B15C59C2B5FBE160057D003 /* WelcomeView.swift in Sources */,
				6B15C5812B5FBB720057D003 /* MountainAirportApp.swift in Sources */,
				6B15C5A32B5FC38D0057D003 /* FlightStatusBoard.swift in Sources */,
				6B15C5962B5FBCC50057D003 /* FlightHistory.swift in Sources */,
				6B2CBDBB2B5FF13500FD38C7 /* FlightList.swift in Sources */,
				6B2CBDC52B5FF77000FD38C7 /* DateExtensions.swift in Sources */,
				6B15C5982B5FBD6F0057D003 /* PurchasedFlights.swift in Sources */,
				6B2CBDC02B5FF4E800FD38C7 /* SearchResultRow.swift in Sources */,
				6B67820C2B61251600974B02 /* AwardDetails.swift in Sources */,
				6B67820E2B61259F00974B02 /* AppEnvironment.swift in Sources */,
				6B2CBDC42B5FF77000FD38C7 /* DateFormatters.swift in Sources */,
				6B2CBDB42B5FCAC100FD38C7 /* FlightNavigationInfo.swift in Sources */,
				6B2CBDB22B5FC55800FD38C7 /* WelcomeButtonView.swift in Sources */,
				6B15C5922B5FBC8D0057D003 /* FlightData.swift in Sources */,
			);
			runOnlyForDeploymentPostprocessing = 0;
		};
/* End PBXSourcesBuildPhase section */

/* Begin XCBuildConfiguration section */
		6B15C5892B5FBB740057D003 /* Debug */ = {
			isa = XCBuildConfiguration;
			buildSettings = {
				ALWAYS_SEARCH_USER_PATHS = NO;
				ASSETCATALOG_COMPILER_GENERATE_SWIFT_ASSET_SYMBOL_EXTENSIONS = YES;
				CLANG_ANALYZER_NONNULL = YES;
				CLANG_ANALYZER_NUMBER_OBJECT_CONVERSION = YES_AGGRESSIVE;
				CLANG_CXX_LANGUAGE_STANDARD = "gnu++20";
				CLANG_ENABLE_MODULES = YES;
				CLANG_ENABLE_OBJC_ARC = YES;
				CLANG_ENABLE_OBJC_WEAK = YES;
				CLANG_WARN_BLOCK_CAPTURE_AUTORELEASING = YES;
				CLANG_WARN_BOOL_CONVERSION = YES;
				CLANG_WARN_COMMA = YES;
				CLANG_WARN_CONSTANT_CONVERSION = YES;
				CLANG_WARN_DEPRECATED_OBJC_IMPLEMENTATIONS = YES;
				CLANG_WARN_DIRECT_OBJC_ISA_USAGE = YES_ERROR;
				CLANG_WARN_DOCUMENTATION_COMMENTS = YES;
				CLANG_WARN_EMPTY_BODY = YES;
				CLANG_WARN_ENUM_CONVERSION = YES;
				CLANG_WARN_INFINITE_RECURSION = YES;
				CLANG_WARN_INT_CONVERSION = YES;
				CLANG_WARN_NON_LITERAL_NULL_CONVERSION = YES;
				CLANG_WARN_OBJC_IMPLICIT_RETAIN_SELF = YES;
				CLANG_WARN_OBJC_LITERAL_CONVERSION = YES;
				CLANG_WARN_OBJC_ROOT_CLASS = YES_ERROR;
				CLANG_WARN_QUOTED_INCLUDE_IN_FRAMEWORK_HEADER = YES;
				CLANG_WARN_RANGE_LOOP_ANALYSIS = YES;
				CLANG_WARN_STRICT_PROTOTYPES = YES;
				CLANG_WARN_SUSPICIOUS_MOVE = YES;
				CLANG_WARN_UNGUARDED_AVAILABILITY = YES_AGGRESSIVE;
				CLANG_WARN_UNREACHABLE_CODE = YES;
				CLANG_WARN__DUPLICATE_METHOD_MATCH = YES;
				COPY_PHASE_STRIP = NO;
				DEBUG_INFORMATION_FORMAT = dwarf;
				ENABLE_STRICT_OBJC_MSGSEND = YES;
				ENABLE_TESTABILITY = YES;
				ENABLE_USER_SCRIPT_SANDBOXING = YES;
				GCC_C_LANGUAGE_STANDARD = gnu17;
				GCC_DYNAMIC_NO_PIC = NO;
				GCC_NO_COMMON_BLOCKS = YES;
				GCC_OPTIMIZATION_LEVEL = 0;
				GCC_PREPROCESSOR_DEFINITIONS = (
					"DEBUG=1",
					"$(inherited)",
				);
				GCC_WARN_64_TO_32_BIT_CONVERSION = YES;
				GCC_WARN_ABOUT_RETURN_TYPE = YES_ERROR;
				GCC_WARN_UNDECLARED_SELECTOR = YES;
				GCC_WARN_UNINITIALIZED_AUTOS = YES_AGGRESSIVE;
				GCC_WARN_UNUSED_FUNCTION = YES;
				GCC_WARN_UNUSED_VARIABLE = YES;
				IPHONEOS_DEPLOYMENT_TARGET = 17.2;
				LOCALIZATION_PREFERS_STRING_CATALOGS = YES;
				MTL_ENABLE_DEBUG_INFO = INCLUDE_SOURCE;
				MTL_FAST_MATH = YES;
				ONLY_ACTIVE_ARCH = YES;
				SDKROOT = iphoneos;
				SWIFT_ACTIVE_COMPILATION_CONDITIONS = "DEBUG $(inherited)";
				SWIFT_OPTIMIZATION_LEVEL = "-Onone";
			};
			name = Debug;
		};
		6B15C58A2B5FBB740057D003 /* Release */ = {
			isa = XCBuildConfiguration;
			buildSettings = {
				ALWAYS_SEARCH_USER_PATHS = NO;
				ASSETCATALOG_COMPILER_GENERATE_SWIFT_ASSET_SYMBOL_EXTENSIONS = YES;
				CLANG_ANALYZER_NONNULL = YES;
				CLANG_ANALYZER_NUMBER_OBJECT_CONVERSION = YES_AGGRESSIVE;
				CLANG_CXX_LANGUAGE_STANDARD = "gnu++20";
				CLANG_ENABLE_MODULES = YES;
				CLANG_ENABLE_OBJC_ARC = YES;
				CLANG_ENABLE_OBJC_WEAK = YES;
				CLANG_WARN_BLOCK_CAPTURE_AUTORELEASING = YES;
				CLANG_WARN_BOOL_CONVERSION = YES;
				CLANG_WARN_COMMA = YES;
				CLANG_WARN_CONSTANT_CONVERSION = YES;
				CLANG_WARN_DEPRECATED_OBJC_IMPLEMENTATIONS = YES;
				CLANG_WARN_DIRECT_OBJC_ISA_USAGE = YES_ERROR;
				CLANG_WARN_DOCUMENTATION_COMMENTS = YES;
				CLANG_WARN_EMPTY_BODY = YES;
				CLANG_WARN_ENUM_CONVERSION = YES;
				CLANG_WARN_INFINITE_RECURSION = YES;
				CLANG_WARN_INT_CONVERSION = YES;
				CLANG_WARN_NON_LITERAL_NULL_CONVERSION = YES;
				CLANG_WARN_OBJC_IMPLICIT_RETAIN_SELF = YES;
				CLANG_WARN_OBJC_LITERAL_CONVERSION = YES;
				CLANG_WARN_OBJC_ROOT_CLASS = YES_ERROR;
				CLANG_WARN_QUOTED_INCLUDE_IN_FRAMEWORK_HEADER = YES;
				CLANG_WARN_RANGE_LOOP_ANALYSIS = YES;
				CLANG_WARN_STRICT_PROTOTYPES = YES;
				CLANG_WARN_SUSPICIOUS_MOVE = YES;
				CLANG_WARN_UNGUARDED_AVAILABILITY = YES_AGGRESSIVE;
				CLANG_WARN_UNREACHABLE_CODE = YES;
				CLANG_WARN__DUPLICATE_METHOD_MATCH = YES;
				COPY_PHASE_STRIP = NO;
				DEBUG_INFORMATION_FORMAT = "dwarf-with-dsym";
				ENABLE_NS_ASSERTIONS = NO;
				ENABLE_STRICT_OBJC_MSGSEND = YES;
				ENABLE_USER_SCRIPT_SANDBOXING = YES;
				GCC_C_LANGUAGE_STANDARD = gnu17;
				GCC_NO_COMMON_BLOCKS = YES;
				GCC_WARN_64_TO_32_BIT_CONVERSION = YES;
				GCC_WARN_ABOUT_RETURN_TYPE = YES_ERROR;
				GCC_WARN_UNDECLARED_SELECTOR = YES;
				GCC_WARN_UNINITIALIZED_AUTOS = YES_AGGRESSIVE;
				GCC_WARN_UNUSED_FUNCTION = YES;
				GCC_WARN_UNUSED_VARIABLE = YES;
				IPHONEOS_DEPLOYMENT_TARGET = 17.2;
				LOCALIZATION_PREFERS_STRING_CATALOGS = YES;
				MTL_ENABLE_DEBUG_INFO = NO;
				MTL_FAST_MATH = YES;
				SDKROOT = iphoneos;
				SWIFT_COMPILATION_MODE = wholemodule;
				VALIDATE_PRODUCT = YES;
			};
			name = Release;
		};
		6B15C58C2B5FBB740057D003 /* Debug */ = {
			isa = XCBuildConfiguration;
			buildSettings = {
				ASSETCATALOG_COMPILER_APPICON_NAME = AppIcon;
				ASSETCATALOG_COMPILER_GLOBAL_ACCENT_COLOR_NAME = AccentColor;
				CODE_SIGN_STYLE = Automatic;
				CURRENT_PROJECT_VERSION = 1;
				DEVELOPMENT_ASSET_PATHS = "\"MountainAirport/Preview Content\"";
				DEVELOPMENT_TEAM = A7B95NFWAN;
				ENABLE_PREVIEWS = YES;
				GENERATE_INFOPLIST_FILE = YES;
				INFOPLIST_KEY_UIApplicationSceneManifest_Generation = YES;
				INFOPLIST_KEY_UIApplicationSupportsIndirectInputEvents = YES;
				INFOPLIST_KEY_UILaunchScreen_Generation = YES;
				INFOPLIST_KEY_UISupportedInterfaceOrientations_iPad = "UIInterfaceOrientationPortrait UIInterfaceOrientationPortraitUpsideDown UIInterfaceOrientationLandscapeLeft UIInterfaceOrientationLandscapeRight";
				INFOPLIST_KEY_UISupportedInterfaceOrientations_iPhone = "UIInterfaceOrientationPortrait UIInterfaceOrientationLandscapeLeft UIInterfaceOrientationLandscapeRight";
				LD_RUNPATH_SEARCH_PATHS = (
					"$(inherited)",
					"@executable_path/Frameworks",
				);
				MARKETING_VERSION = 1.0;
				PRODUCT_BUNDLE_IDENTIFIER = com.gaspare.MountainAirport;
				PRODUCT_NAME = "$(TARGET_NAME)";
				SWIFT_EMIT_LOC_STRINGS = YES;
				SWIFT_VERSION = 5.0;
				TARGETED_DEVICE_FAMILY = "1,2";
			};
			name = Debug;
		};
		6B15C58D2B5FBB740057D003 /* Release */ = {
			isa = XCBuildConfiguration;
			buildSettings = {
				ASSETCATALOG_COMPILER_APPICON_NAME = AppIcon;
				ASSETCATALOG_COMPILER_GLOBAL_ACCENT_COLOR_NAME = AccentColor;
				CODE_SIGN_STYLE = Automatic;
				CURRENT_PROJECT_VERSION = 1;
				DEVELOPMENT_ASSET_PATHS = "\"MountainAirport/Preview Content\"";
				DEVELOPMENT_TEAM = A7B95NFWAN;
				ENABLE_PREVIEWS = YES;
				GENERATE_INFOPLIST_FILE = YES;
				INFOPLIST_KEY_UIApplicationSceneManifest_Generation = YES;
				INFOPLIST_KEY_UIApplicationSupportsIndirectInputEvents = YES;
				INFOPLIST_KEY_UILaunchScreen_Generation = YES;
				INFOPLIST_KEY_UISupportedInterfaceOrientations_iPad = "UIInterfaceOrientationPortrait UIInterfaceOrientationPortraitUpsideDown UIInterfaceOrientationLandscapeLeft UIInterfaceOrientationLandscapeRight";
				INFOPLIST_KEY_UISupportedInterfaceOrientations_iPhone = "UIInterfaceOrientationPortrait UIInterfaceOrientationLandscapeLeft UIInterfaceOrientationLandscapeRight";
				LD_RUNPATH_SEARCH_PATHS = (
					"$(inherited)",
					"@executable_path/Frameworks",
				);
				MARKETING_VERSION = 1.0;
				PRODUCT_BUNDLE_IDENTIFIER = com.gaspare.MountainAirport;
				PRODUCT_NAME = "$(TARGET_NAME)";
				SWIFT_EMIT_LOC_STRINGS = YES;
				SWIFT_VERSION = 5.0;
				TARGETED_DEVICE_FAMILY = "1,2";
			};
			name = Release;
		};
/* End XCBuildConfiguration section */

/* Begin XCConfigurationList section */
		6B15C5782B5FBB720057D003 /* Build configuration list for PBXProject "MountainAirport" */ = {
			isa = XCConfigurationList;
			buildConfigurations = (
				6B15C5892B5FBB740057D003 /* Debug */,
				6B15C58A2B5FBB740057D003 /* Release */,
			);
			defaultConfigurationIsVisible = 0;
			defaultConfigurationName = Release;
		};
		6B15C58B2B5FBB740057D003 /* Build configuration list for PBXNativeTarget "MountainAirport" */ = {
			isa = XCConfigurationList;
			buildConfigurations = (
				6B15C58C2B5FBB740057D003 /* Debug */,
				6B15C58D2B5FBB740057D003 /* Release */,
			);
			defaultConfigurationIsVisible = 0;
			defaultConfigurationName = Release;
		};
/* End XCConfigurationList section */
	};
	rootObject = 6B15C5752B5FBB720057D003 /* Project object */;
}
